
Microsoft Visual Studio Solution File, Format Version 12.00
# Visual Studio 15
VisualStudioVersion = 15.0.26730.12
MinimumVisualStudioVersion = 10.0.40219.1
Project("{8BC9CEB8-8B4A-11D0-8D11-00A0C91BC942}") = "Warehouse", "Warehouse\Warehouse.vcxproj", "{6239AAD0-3C5B-4DEB-961B-67A6C358475B}"
EndProject
Global
	GlobalSection(SolutionConfigurationPlatforms) = preSolution
		Debug|x64 = Debug|x64
		Debug|x86 = Debug|x86
		Release|x64 = Release|x64
		Release|x86 = Release|x86
	EndGlobalSection
	GlobalSection(ProjectConfigurationPlatforms) = postSolution
		{6239AAD0-3C5B-4DEB-961B-67A6C358475B}.Debug|x64.ActiveCfg = Debug|x64
		{6239AAD0-3C5B-4DEB-961B-67A6C358475B}.Debug|x64.Build.0 = Debug|x64
		{6239AAD0-3C5B-4DEB-961B-67A6C358475B}.Debug|x86.ActiveCfg = Debug|Win32
		{6239AAD0-3C5B-4DEB-961B-67A6C358475B}.Debug|x86.Build.0 = Debug|Win32
		{6239AAD0-3C5B-4DEB-961B-67A6C358475B}.Release|x64.ActiveCfg = Release|x64
		{6239AAD0-3C5B-4DEB-961B-67A6C358475B}.Release|x64.Build.0 = Release|x64
		{6239AAD0-3C5B-4DEB-961B-67A6C358475B}.Release|x86.ActiveCfg = Release|Win32
		{6239AAD0-3C5B-4DEB-961B-67A6C358475B}.Release|x86.Build.0 = Release|Win32
	EndGlobalSection
	GlobalSection(SolutionProperties) = preSolution
		HideSolutionNode = FALSE
	EndGlobalSection
	GlobalSection(ExtensibilityGlobals) = postSolution
		SolutionGuid = {DA838221-F5BF-4858-AF4C-C26B27E98658}
	EndGlobalSection
EndGlobal
